lockfileVersion: '9.0'

settings:
  autoInstallPeers: true
  excludeLinksFromLockfile: false

importers:

  .:
    devDependencies:
      '@biomejs/biome':
        specifier: ^2.2.5
        version: 2.5.3
      turbo:
        specifier: ^2.5.4
        version: 2.10.4
      typescript:
        specifier: ^5.8.3
        version: 5.9.3

packages:

  '@biomejs/biome@2.5.3':
    resolution: {integrity: sha512-MrJswFdei9EfDwwUy2tQrPDpK0AO+RmMFvBoaaJ6ayBc3sUbHdCE+XG5N8vp+5So41ZupZJQm0roHFFhMGVD7A==}
    engines: {node: '>=14.21.3'}
    hasBin: true

  '@biomejs/cli-darwin-arm64@2.5.3':
    resolution: {integrity: sha512-QhYP9muVQ0nUO5zztFuPbEwi4+94sJWVjaZds9aMi1l/KNZBiUjdiSUrGHsTaMGDXrYl+r4AS2sUKfgH3w+V3g==}
    engines: {node: '>=14.21.3'}
    cpu: [arm64]
    os: [darwin]

  '@biomejs/cli-darwin-x64@2.5.3':
    resolution: {integrity: sha512-NC1Ss13UaW7QZX+y8j44bF7AP0jSJdBl6iRhe0MAkvaSqZy+mWg3GaXsrb+eSoHoGDBtaXWEbMVV0iVN2cZ7cQ==}
    engines: {node: '>=14.21.3'}
    cpu: [x64]
    os: [darwin]

  '@biomejs/cli-linux-arm64-musl@2.5.3':
    resolution: {integrity: sha512-fccix0w6xp6csCXgxeC0dU/3ecgRQal0y+cv2SP9ajNlhe7Yrk2Ug7UDe2j9AT9ZDYitkXpvUKgZjjuoYeP4Vg==}
    engines: {node: '>=14.21.3'}
    cpu: [arm64]
    os: [linux]
    libc: [musl]

  '@biomejs/cli-linux-arm64@2.5.3':
    resolution: {integrity: sha512-ksx1KWeyYW18ILL04msF/J4ZBtBDN33znYK8Z/aNv/vlBVxL9/g3mGP+omgHJKy4+KWbK87vcmmpmurfNjSgiA==}
    engines: {node: '>=14.21.3'}
    cpu: [arm64]
    os: [linux]
    libc: [glibc]

  '@biomejs/cli-linux-x64-musl@2.5.3':
    resolution: {integrity: sha512-O/yU9YKRUiHhmcjF2f38PSjseVk3G4VLWYc0G2HWpzdBVREV6G8IGWIVEFf7MFPfWIzNUIvPsEjeAZQIOgnLcQ==}
    engines: {node: '>=14.21.3'}
    cpu: [x64]
    os: [linux]
    libc: [musl]

  '@biomejs/cli-linux-x64@2.5.3':
    resolution: {integrity: sha512-yMkJtilsgvILDcVkh187aVLTb64xYsrxYajx5kym+r1ULkO5HUOfu9AYKLGQbOVLwJtT2utNw7hhFNg+17mUYA==}
    engines: {node: '>=14.21.3'}
    cpu: [x64]
    os: [linux]
    libc: [glibc]

  '@biomejs/cli-win32-arm64@2.5.3':
    resolution: {integrity: sha512-cX5z+GYwRcqEok0AH3KSfQGgqYd0Nomfp6Fbe1uiTtELE38hdH2k842wQ9wLNaF/JJ7r4rjJQ4VR+ce+fRmQbw==}
    engines: {node: '>=14.21.3'}
    cpu: [arm64]
    os: [win32]

  '@biomejs/cli-win32-x64@2.5.3':
    resolution: {integrity: sha512-ExSaJWi4/u6+GXCszlSKpWSjKNbDseAYqqkCznsCsZ/4uidZ/BEqsCc5/3ctlq6dfIubdIIRSVLC/PG9xPl70Q==}
    engines: {node: '>=14.21.3'}
    cpu: [x64]
    os: [win32]

  '@turbo/darwin-64@2.10.4':
    resolution: {integrity: sha512-m1MUEI4MJ69r5CwfMYxmHi0H0rrgiYCBOp0tgBZ9x/YVvOb5uu/lRIDyDwdtH054R2yWeQaIigUGu6aCX9f8cA==}
    cpu: [x64]
    os: [darwin]

  '@turbo/darwin-arm64@2.10.4':
    resolution: {integrity: sha512-VQ1Yxs5zkPT+2z7t1P4mvn6JmcKLkOCAsPuK9XbOvuVj0DlTlETfIXNisX0771v/vTWHOQqiwoGi+TtAUq8efw==}
    cpu: [arm64]
    os: [darwin]

  '@turbo/linux-64@2.10.4':
    resolution: {integrity: sha512-IzV1QovmwX7mfGnVinmE++2IB8tbeo38weltiuH5zNqwCTBjLs/DytyRKx+bmnhHdXIq9SheR8p0Nip/LBUPHg==}
    cpu: [x64]
    os: [linux]

  '@turbo/linux-arm64@2.10.4':
    resolution: {integrity: sha512-rfujSQkP5aYiRn0PgTM7F00WkJCP/bKDVZbOx3WmrZwa/vHA0bplhCl328kpX7VI9HH2vI90ISGwuSVgJgoqTw==}
    cpu: [arm64]
    os: [linux]

  '@turbo/windows-64@2.10.4':
    resolution: {integrity: sha512-NnspP7Wd5fa3Wwnqv9bKfhegqZzuHBgbPxdZU/idTLQcazx/vgKu95JlCx2YHY0hdvKCnPcARrDwM+KEUmaO7A==}
    cpu: [x64]
    os: [win32]

  '@turbo/windows-arm64@2.10.4':
    resolution: {integrity: sha512-Iv02YgOpaEShc2OkG7mgCJ2pEw1RUKiKbs0h8W5wAf4jZ5vpmraTEjuGTgHRuOORQnC1GN3KHo5WB+hu1abRMA==}
    cpu: [arm64]
    os: [win32]

  turbo@2.10.4:
    resolution: {integrity: sha512-GQpduILaKjoaGljw097ScsSyKTtZSY7cZ3bJktzfTkPMyCf3ShKLuXK2IaOEN2Plziml+ArR7WJ1m+V4VbnaKQ==}
    hasBin: true

  typescript@5.9.3:
    resolution: {integrity: sha512-jl1vZzPDinLr9eUt3J/t7V6FgNEw9QjvBPdysz9KfQDD41fQrC2Y4vKQdiaUpFT4bXlb1RHhLpp8wtm6M5TgSw==}
    engines: {node: '>=14.17'}
    hasBin: true

snapshots:

  '@biomejs/biome@2.5.3':
    optionalDependencies:
      '@biomejs/cli-darwin-arm64': 2.5.3
      '@biomejs/cli-darwin-x64': 2.5.3
      '@biomejs/cli-linux-arm64': 2.5.3
      '@biomejs/cli-linux-arm64-musl': 2.5.3
      '@biomejs/cli-linux-x64': 2.5.3
      '@biomejs/cli-linux-x64-musl': 2.5.3
      '@biomejs/cli-win32-arm64': 2.5.3
      '@biomejs/cli-win32-x64': 2.5.3

  '@biomejs/cli-darwin-arm64@2.5.3':
    optional: true

  '@biomejs/cli-darwin-x64@2.5.3':
    optional: true

  '@biomejs/cli-linux-arm64-musl@2.5.3':
    optional: true

  '@biomejs/cli-linux-arm64@2.5.3':
    optional: true

  '@biomejs/cli-linux-x64-musl@2.5.3':
    optional: true

  '@biomejs/cli-linux-x64@2.5.3':
    optional: true

  '@biomejs/cli-win32-arm64@2.5.3':
    optional: true

  '@biomejs/cli-win32-x64@2.5.3':
    optional: true

  '@turbo/darwin-64@2.10.4':
    optional: true

  '@turbo/darwin-arm64@2.10.4':
    optional: true

  '@turbo/linux-64@2.10.4':
    optional: true

  '@turbo/linux-arm64@2.10.4':
    optional: true

  '@turbo/windows-64@2.10.4':
    optional: true

  '@turbo/windows-arm64@2.10.4':
    optional: true

  turbo@2.10.4:
    optionalDependencies:
      '@turbo/darwin-64': 2.10.4
      '@turbo/darwin-arm64': 2.10.4
      '@turbo/linux-64': 2.10.4
      '@turbo/linux-arm64': 2.10.4
      '@turbo/windows-64': 2.10.4
      '@turbo/windows-arm64': 2.10.4

  typescript@5.9.3: {}
